
Microsoft Visual Studio Solution File, Format Version 12.00
# Visual Studio Version 16
VisualStudioVersion = 16.0.32407.337
MinimumVisualStudioVersion = 10.0.40219.1
Project("{9A19103F-16F7-4668-BE54-9A1E7A4F7556}") = "YGZipLib", "YGZipLib.csproj", "{ECB5051A-3177-4ADD-814B-6A902598C5A3}"
EndProject
Global
	GlobalSection(SolutionConfigurationPlatforms) = preSolution
		Debug|Any CPU = Debug|Any CPU
		Release|Any CPU = Release|Any CPU
	EndGlobalSection
	GlobalSection(ProjectConfigurationPlatforms) = postSolution
		{ECB5051A-3177-4ADD-814B-6A902598C5A3}.Debug|Any CPU.ActiveCfg = Debug|Any CPU
		{ECB5051A-3177-4ADD-814B-6A902598C5A3}.Debug|Any CPU.Build.0 = Debug|Any CPU
		{ECB5051A-3177-4ADD-814B-6A902598C5A3}.Release|Any CPU.ActiveCfg = Release|Any CPU
		{ECB5051A-3177-4ADD-814B-6A902598C5A3}.Release|Any CPU.Build.0 = Release|Any CPU
	EndGlobalSection
	GlobalSection(SolutionProperties) = preSolution
		HideSolutionNode = FALSE
	EndGlobalSection
	GlobalSection(ExtensibilityGlobals) = postSolution
		SolutionGuid = {1572E193-85F5-479A-9D9E-C9EA1F3ADA45}
	EndGlobalSection
EndGlobal
